// !$*UTF8*$!
{
	archiveVersion = 1;
	classes = {
	};
	objectVersion = 56;
	objects = {

/* Begin PBXBuildFile section */
		6F387DDA2B0640ED00CBA6B0 /* SDWebImage in Frameworks */ = {isa = PBXBuildFile; productRef = 6F387DD92B0640ED00CBA6B0 /* SDWebImage */; };
		6F387DDC2B0640ED00CBA6B0 /* SDWebImageMapKit in Frameworks */ = {isa = PBXBuildFile; productRef = 6F387DDB2B0640ED00CBA6B0 /* SDWebImageMapKit */; };
		6F387DDE2B0648EB00CBA6B0 /* DetailViewController.swift in Sources */ = {isa = PBXBuildFile; fileRef = 6F387DDD2B0648EB00CBA6B0 /* DetailViewController.swift */; };
		6FE0D3412B052D4000B804C9 /* AppDelegate.swift in Sources */ = {isa = PBXBuildFile; fileRef = 6FE0D3402B052D4000B804C9 /* AppDelegate.swift */; };
		6FE0D3432B052D4000B804C9 /* SceneDelegate.swift in Sources */ = {isa = PBXBuildFile; fileRef = 6FE0D3422B052D4000B804C9 /* SceneDelegate.swift */; };
		6FE0D3452B052D4000B804C9 /* ViewController.swift in Sources */ = {isa = PBXBuildFile; fileRef = 6FE0D3442B052D4000B804C9 /* ViewController.swift */; };
		6FE0D34A2B052D4100B804C9 /* Assets.xcassets in Resources */ = {isa = PBXBuildFile; fileRef = 6FE0D3492B052D4100B804C9 /* Assets.xcassets */; };
		6FE0D34D2B052D4100B804C9 /* LaunchScreen.storyboard in Resources */ = {isa = PBXBuildFile; fileRef = 6FE0D34B2B052D4100B804C9 /* LaunchScreen.storyboard */; };
		6FE0D35A2B0532D900B804C9 /* Country.swift in Sources */ = {isa = PBXBuildFile; fileRef = 6FE0D3592B0532D900B804C9 /* Country.swift */; };
		6FE0D35D2B05338200B804C9 /* NetworkManager.swift in Sources */ = {isa = PBXBuildFile; fileRef = 6FE0D35C2B05338200B804C9 /* NetworkManager.swift */; };
/* End PBXBuildFile section */

/* Begin PBXFileReference section */
		6F387DDD2B0648EB00CBA6B0 /* DetailViewController.swift */ = {isa = PBXFileReference; lastKnownFileType = sourcecode.swift; path = DetailViewController.swift; sourceTree = "<group>"; };
		6FE0D33D2B052D4000B804C9 /* RestCountriesApp.app */ = {isa = PBXFileReference; explicitFileType = wrapper.application; includeInIndex = 0; path = RestCountriesApp.app; sourceTree = BUILT_PRODUCTS_DIR; };
		6FE0D3402B052D4000B804C9 /* AppDelegate.swift */ = {isa = PBXFileReference; lastKnownFileType = sourcecode.swift; path = AppDelegate.swift; sourceTree = "<group>"; };
		6FE0D3422B052D4000B804C9 /* SceneDelegate.swift */ = {isa = PBXFileReference; lastKnownFileType = sourcecode.swift; path = SceneDelegate.swift; sourceTree = "<group>"; };
		6FE0D3442B052D4000B804C9 /* ViewController.swift */ = {isa = PBXFileReference; lastKnownFileType = sourcecode.swift; path = ViewController.swift; sourceTree = "<group>"; };
		6FE0D3492B052D4100B804C9 /* Assets.xcassets */ = {isa = PBXFileReference; lastKnownFileType = folder.assetcatalog; path = Assets.xcassets; sourceTree = "<group>"; };
		6FE0D34C2B052D4100B804C9 /* Base */ = {isa = PBXFileReference; lastKnownFileType = file.storyboard; name = Base; path = Base.lproj/LaunchScreen.storyboard; sourceTree = "<group>"; };
		6FE0D34E2B052D4100B804C9 /* Info.plist */ = {isa = PBXFileReference; lastKnownFileType = text.plist.xml; path = Info.plist; sourceTree = "<group>"; };
		6FE0D3592B0532D900B804C9 /* Country.swift */ = {isa = PBXFileReference; lastKnownFileType = sourcecode.swift; path = Country.swift; sourceTree = "<group>"; };
		6FE0D35C2B05338200B804C9 /* NetworkManager.swift */ = {isa = PBXFileReference; lastKnownFileType = sourcecode.swift; path = NetworkManager.swift; sourceTree = "<group>"; };
/* End PBXFileReference section */

/* Begin PBXFrameworksBuildPhase section */
		6FE0D33A2B052D4000B804C9 /* Frameworks */ = {
			isa = PBXFrameworksBuildPhase;
			buildActionMask = 2147483647;
			files = (
				6F387DDC2B0640ED00CBA6B0 /* SDWebImageMapKit in Frameworks */,
				6F387DDA2B0640ED00CBA6B0 /* SDWebImage in Frameworks */,
			);
			runOnlyForDeploymentPostprocessing = 0;
		};
/* End PBXFrameworksBuildPhase section */

/* Begin PBXGroup section */
		6FE0D3342B052D4000B804C9 = {
			isa = PBXGroup;
			children = (
				6FE0D33F2B052D4000B804C9 /* RestCountriesApp */,
				6FE0D33E2B052D4000B804C9 /* Products */,
			);
			sourceTree = "<group>";
		};
		6FE0D33E2B052D4000B804C9 /* Products */ = {
			isa = PBXGroup;
			children = (
				6FE0D33D2B052D4000B804C9 /* RestCountriesApp.app */,
			);
			name = Products;
			sourceTree = "<group>";
		};
		6FE0D33F2B052D4000B804C9 /* RestCountriesApp */ = {
			isa = PBXGroup;
			children = (
				6FE0D3542B052D4D00B804C9 /* AppDelegate */,
				6FE0D3572B05323C00B804C9 /* Model */,
				6FE0D3562B052D6900B804C9 /* View */,
				6FE0D3552B052D5700B804C9 /* Controller */,
				6FE0D35B2B05336300B804C9 /* Helper */,
				6FE0D3492B052D4100B804C9 /* Assets.xcassets */,
				6FE0D34E2B052D4100B804C9 /* Info.plist */,
			);
			path = RestCountriesApp;
			sourceTree = "<group>";
		};
		6FE0D3542B052D4D00B804C9 /* AppDelegate */ = {
			isa = PBXGroup;
			children = (
				6FE0D3402B052D4000B804C9 /* AppDelegate.swift */,
				6FE0D3422B052D4000B804C9 /* SceneDelegate.swift */,
			);
			path = AppDelegate;
			sourceTree = "<group>";
		};
		6FE0D3552B052D5700B804C9 /* Controller */ = {
			isa = PBXGroup;
			children = (
				6FE0D3442B052D4000B804C9 /* ViewController.swift */,
				6F387DDD2B0648EB00CBA6B0 /* DetailViewController.swift */,
			);
			path = Controller;
			sourceTree = "<group>";
		};
		6FE0D3562B052D6900B804C9 /* View */ = {
			isa = PBXGroup;
			children = (
				6FE0D34B2B052D4100B804C9 /* LaunchScreen.storyboard */,
			);
			path = View;
			sourceTree = "<group>";
		};
		6FE0D3572B05323C00B804C9 /* Model */ = {
			isa = PBXGroup;
			children = (
				6FE0D3592B0532D900B804C9 /* Country.swift */,
			);
			path = Model;
			sourceTree = "<group>";
		};
		6FE0D35B2B05336300B804C9 /* Helper */ = {
			isa = PBXGroup;
			children = (
				6FE0D35C2B05338200B804C9 /* NetworkManager.swift */,
			);
			path = Helper;
			sourceTree = "<group>";
		};
/* End PBXGroup section */

/* Begin PBXNativeTarget section */
		6FE0D33C2B052D4000B804C9 /* RestCountriesApp */ = {
			isa = PBXNativeTarget;
			buildConfigurationList = 6FE0D3512B052D4100B804C9 /* Build configuration list for PBXNativeTarget "RestCountriesApp" */;
			buildPhases = (
				6FE0D3392B052D4000B804C9 /* Sources */,
				6FE0D33A2B052D4000B804C9 /* Frameworks */,
				6FE0D33B2B052D4000B804C9 /* Resources */,
			);
			buildRules = (
			);
			dependencies = (
			);
			name = RestCountriesApp;
			packageProductDependencies = (
				6F387DD92B0640ED00CBA6B0 /* SDWebImage */,
				6F387DDB2B0640ED00CBA6B0 /* SDWebImageMapKit */,
			);
			productName = RestCountriesApp;
			productReference = 6FE0D33D2B052D4000B804C9 /* RestCountriesApp.app */;
			productType = "com.apple.product-type.application";
		};
/* End PBXNativeTarget section */

/* Begin PBXProject section */
		6FE0D3352B052D4000B804C9 /* Project object */ = {
			isa = PBXProject;
			attributes = {
				BuildIndependentTargetsInParallel = 1;
				LastSwiftUpdateCheck = 1500;
				LastUpgradeCheck = 1500;
				TargetAttributes = {
					6FE0D33C2B052D4000B804C9 = {
						CreatedOnToolsVersion = 15.0.1;
					};
				};
			};
			buildConfigurationList = 6FE0D3382B052D4000B804C9 /* Build configuration list for PBXProject "RestCountriesApp" */;
			compatibilityVersion = "Xcode 14.0";
			developmentRegion = en;
			hasScannedForEncodings = 0;
			knownRegions = (
				en,
				Base,
			);
			mainGroup = 6FE0D3342B052D4000B804C9;
			packageReferences = (
				6F387DD82B0640ED00CBA6B0 /* XCRemoteSwiftPackageReference "SDWebImage" */,
			);
			productRefGroup = 6FE0D33E2B052D4000B804C9 /* Products */;
			projectDirPath = "";
			projectRoot = "";
			targets = (
				6FE0D33C2B052D4000B804C9 /* RestCountriesApp */,
			);
		};
/* End PBXProject section */

/* Begin PBXResourcesBuildPhase section */
		6FE0D33B2B052D4000B804C9 /* Resources */ = {
			isa = PBXResourcesBuildPhase;
			buildActionMask = 2147483647;
			files = (
				6FE0D34D2B052D4100B804C9 /* LaunchScreen.storyboard in Resources */,
				6FE0D34A2B052D4100B804C9 /* Assets.xcassets in Resources */,
			);
			runOnlyForDeploymentPostprocessing = 0;
		};
/* End PBXResourcesBuildPhase section */

/* Begin PBXSourcesBuildPhase section */
		6FE0D3392B052D4000B804C9 /* Sources */ = {
			isa = PBXSourcesBuildPhase;
			buildActionMask = 2147483647;
			files = (
				6FE0D35A2B0532D900B804C9 /* Country.swift in Sources */,
				6FE0D3452B052D4000B804C9 /* ViewController.swift in Sources */,
				6FE0D35D2B05338200B804C9 /* NetworkManager.swift in Sources */,
				6F387DDE2B0648EB00CBA6B0 /* DetailViewController.swift in Sources */,
				6FE0D3412B052D4000B804C9 /* AppDelegate.swift in Sources */,
				6FE0D3432B052D4000B804C9 /* SceneDelegate.swift in Sources */,
			);
			runOnlyForDeploymentPostprocessing = 0;
		};
/* End PBXSourcesBuildPhase section */

/* Begin PBXVariantGroup section */
		6FE0D34B2B052D4100B804C9 /* LaunchScreen.storyboard */ = {
			isa = PBXVariantGroup;
			children = (
				6FE0D34C2B052D4100B804C9 /* Base */,
			);
			name = LaunchScreen.storyboard;
			sourceTree = "<group>";
		};
/* End PBXVariantGroup section */

/* Begin XCBuildConfiguration section */
		6FE0D34F2B052D4100B804C9 /* Debug */ = {
			isa = XCBuildConfiguration;
			buildSettings = {
				ALWAYS_SEARCH_USER_PATHS = NO;
				ASSETCATALOG_COMPILER_GENERATE_SWIFT_ASSET_SYMBOL_EXTENSIONS = YES;
				CLANG_ANALYZER_NONNULL = YES;
				CLANG_ANALYZER_NUMBER_OBJECT_CONVERSION = YES_AGGRESSIVE;
				CLANG_CXX_LANGUAGE_STANDARD = "gnu++20";
				CLANG_ENABLE_MODULES = YES;
				CLANG_ENABLE_OBJC_ARC = YES;
				CLANG_ENABLE_OBJC_WEAK = YES;
				CLANG_WARN_BLOCK_CAPTURE_AUTORELEASING = YES;
				CLANG_WARN_BOOL_CONVERSION = YES;
				CLANG_WARN_COMMA = YES;
				CLANG_WARN_CONSTANT_CONVERSION = YES;
				CLANG_WARN_DEPRECATED_OBJC_IMPLEMENTATIONS = YES;
				CLANG_WARN_DIRECT_OBJC_ISA_USAGE = YES_ERROR;
				CLANG_WARN_DOCUMENTATION_COMMENTS = YES;
				CLANG_WARN_EMPTY_BODY = YES;
				CLANG_WARN_ENUM_CONVERSION = YES;
				CLANG_WARN_INFINITE_RECURSION = YES;
				CLANG_WARN_INT_CONVERSION = YES;
				CLANG_WARN_NON_LITERAL_NULL_CONVERSION = YES;
				CLANG_WARN_OBJC_IMPLICIT_RETAIN_SELF = YES;
				CLANG_WARN_OBJC_LITERAL_CONVERSION = YES;
				CLANG_WARN_OBJC_ROOT_CLASS = YES_ERROR;
				CLANG_WARN_QUOTED_INCLUDE_IN_FRAMEWORK_HEADER = YES;
				CLANG_WARN_RANGE_LOOP_ANALYSIS = YES;
				CLANG_WARN_STRICT_PROTOTYPES = YES;
				CLANG_WARN_SUSPICIOUS_MOVE = YES;
				CLANG_WARN_UNGUARDED_AVAILABILITY = YES_AGGRESSIVE;
				CLANG_WARN_UNREACHABLE_CODE = YES;
				CLANG_WARN__DUPLICATE_METHOD_MATCH = YES;
				COPY_PHASE_STRIP = NO;
				DEBUG_INFORMATION_FORMAT = dwarf;
				ENABLE_STRICT_OBJC_MSGSEND = YES;
				ENABLE_TESTABILITY = YES;
				ENABLE_USER_SCRIPT_SANDBOXING = YES;
				GCC_C_LANGUAGE_STANDARD = gnu17;
				GCC_DYNAMIC_NO_PIC = NO;
				GCC_NO_COMMON_BLOCKS = YES;
				GCC_OPTIMIZATION_LEVEL = 0;
				GCC_PREPROCESSOR_DEFINITIONS = (
					"DEBUG=1",
					"$(inherited)",
				);
				GCC_WARN_64_TO_32_BIT_CONVERSION = YES;
				GCC_WARN_ABOUT_RETURN_TYPE = YES_ERROR;
				GCC_WARN_UNDECLARED_SELECTOR = YES;
				GCC_WARN_UNINITIALIZED_AUTOS = YES_AGGRESSIVE;
				GCC_WARN_UNUSED_FUNCTION = YES;
				GCC_WARN_UNUSED_VARIABLE = YES;
				IPHONEOS_DEPLOYMENT_TARGET = 17.0;
				LOCALIZATION_PREFERS_STRING_CATALOGS = YES;
				MTL_ENABLE_DEBUG_INFO = INCLUDE_SOURCE;
				MTL_FAST_MATH = YES;
				ONLY_ACTIVE_ARCH = YES;
				SDKROOT = iphoneos;
				SWIFT_ACTIVE_COMPILATION_CONDITIONS = "DEBUG $(inherited)";
				SWIFT_OPTIMIZATION_LEVEL = "-Onone";
			};
			name = Debug;
		};
		6FE0D3502B052D4100B804C9 /* Release */ = {
			isa = XCBuildConfiguration;
			buildSettings = {
				ALWAYS_SEARCH_USER_PATHS = NO;
				ASSETCATALOG_COMPILER_GENERATE_SWIFT_ASSET_SYMBOL_EXTENSIONS = YES;
				CLANG_ANALYZER_NONNULL = YES;
				CLANG_ANALYZER_NUMBER_OBJECT_CONVERSION = YES_AGGRESSIVE;
				CLANG_CXX_LANGUAGE_STANDARD = "gnu++20";
				CLANG_ENABLE_MODULES = YES;
				CLANG_ENABLE_OBJC_ARC = YES;
				CLANG_ENABLE_OBJC_WEAK = YES;
				CLANG_WARN_BLOCK_CAPTURE_AUTORELEASING = YES;
				CLANG_WARN_BOOL_CONVERSION = YES;
				CLANG_WARN_COMMA = YES;
				CLANG_WARN_CONSTANT_CONVERSION = YES;
				CLANG_WARN_DEPRECATED_OBJC_IMPLEMENTATIONS = YES;
				CLANG_WARN_DIRECT_OBJC_ISA_USAGE = YES_ERROR;
				CLANG_WARN_DOCUMENTATION_COMMENTS = YES;
				CLANG_WARN_EMPTY_BODY = YES;
				CLANG_WARN_ENUM_CONVERSION = YES;
				CLANG_WARN_INFINITE_RECURSION = YES;
				CLANG_WARN_INT_CONVERSION = YES;
				CLANG_WARN_NON_LITERAL_NULL_CONVERSION = YES;
				CLANG_WARN_OBJC_IMPLICIT_RETAIN_SELF = YES;
				CLANG_WARN_OBJC_LITERAL_CONVERSION = YES;
				CLANG_WARN_OBJC_ROOT_CLASS = YES_ERROR;
				CLANG_WARN_QUOTED_INCLUDE_IN_FRAMEWORK_HEADER = YES;
				CLANG_WARN_RANGE_LOOP_ANALYSIS = YES;
				CLANG_WARN_STRICT_PROTOTYPES = YES;
				CLANG_WARN_SUSPICIOUS_MOVE = YES;
				CLANG_WARN_UNGUARDED_AVAILABILITY = YES_AGGRESSIVE;
				CLANG_WARN_UNREACHABLE_CODE = YES;
				CLANG_WARN__DUPLICATE_METHOD_MATCH = YES;
				COPY_PHASE_STRIP = NO;
				DEBUG_INFORMATION_FORMAT = "dwarf-with-dsym";
				ENABLE_NS_ASSERTIONS = NO;
				ENABLE_STRICT_OBJC_MSGSEND = YES;
				ENABLE_USER_SCRIPT_SANDBOXING = YES;
				GCC_C_LANGUAGE_STANDARD = gnu17;
				GCC_NO_COMMON_BLOCKS = YES;
				GCC_WARN_64_TO_32_BIT_CONVERSION = YES;
				GCC_WARN_ABOUT_RETURN_TYPE = YES_ERROR;
				GCC_WARN_UNDECLARED_SELECTOR = YES;
				GCC_WARN_UNINITIALIZED_AUTOS = YES_AGGRESSIVE;
				GCC_WARN_UNUSED_FUNCTION = YES;
				GCC_WARN_UNUSED_VARIABLE = YES;
				IPHONEOS_DEPLOYMENT_TARGET = 17.0;
				LOCALIZATION_PREFERS_STRING_CATALOGS = YES;
				MTL_ENABLE_DEBUG_INFO = NO;
				MTL_FAST_MATH = YES;
				SDKROOT = iphoneos;
				SWIFT_COMPILATION_MODE = wholemodule;
				VALIDATE_PRODUCT = YES;
			};
			name = Release;
		};
		6FE0D3522B052D4100B804C9 /* Debug */ = {
			isa = XCBuildConfiguration;
			buildSettings = {
				ASSETCATALOG_COMPILER_APPICON_NAME = AppIcon;
				ASSETCATALOG_COMPILER_GLOBAL_ACCENT_COLOR_NAME = AccentColor;
				CODE_SIGN_STYLE = Automatic;
				CURRENT_PROJECT_VERSION = 1;
				GENERATE_INFOPLIST_FILE = YES;
				INFOPLIST_FILE = RestCountriesApp/Info.plist;
				INFOPLIST_KEY_UIApplicationSupportsIndirectInputEvents = YES;
				INFOPLIST_KEY_UILaunchStoryboardName = LaunchScreen;
				INFOPLIST_KEY_UISupportedInterfaceOrientations_iPad = "UIInterfaceOrientationPortrait UIInterfaceOrientationPortraitUpsideDown UIInterfaceOrientationLandscapeLeft UIInterfaceOrientationLandscapeRight";
				INFOPLIST_KEY_UISupportedInterfaceOrientations_iPhone = "UIInterfaceOrientationPortrait UIInterfaceOrientationLandscapeLeft UIInterfaceOrientationLandscapeRight";
				LD_RUNPATH_SEARCH_PATHS = (
					"$(inherited)",
					"@executable_path/Frameworks",
				);
				MARKETING_VERSION = 1.0;
				PRODUCT_BUNDLE_IDENTIFIER = com.omak.RestCountriesApp;
				PRODUCT_NAME = "$(TARGET_NAME)";
				SWIFT_EMIT_LOC_STRINGS = YES;
				SWIFT_VERSION = 5.0;
				TARGETED_DEVICE_FAMILY = "1,2";
			};
			name = Debug;
		};
		6FE0D3532B052D4100B804C9 /* Release */ = {
			isa = XCBuildConfiguration;
			buildSettings = {
				ASSETCATALOG_COMPILER_APPICON_NAME = AppIcon;
				ASSETCATALOG_COMPILER_GLOBAL_ACCENT_COLOR_NAME = AccentColor;
				CODE_SIGN_STYLE = Automatic;
				CURRENT_PROJECT_VERSION = 1;
				GENERATE_INFOPLIST_FILE = YES;
				INFOPLIST_FILE = RestCountriesApp/Info.plist;
				INFOPLIST_KEY_UIApplicationSupportsIndirectInputEvents = YES;
				INFOPLIST_KEY_UILaunchStoryboardName = LaunchScreen;
				INFOPLIST_KEY_UISupportedInterfaceOrientations_iPad = "UIInterfaceOrientationPortrait UIInterfaceOrientationPortraitUpsideDown UIInterfaceOrientationLandscapeLeft UIInterfaceOrientationLandscapeRight";
				INFOPLIST_KEY_UISupportedInterfaceOrientations_iPhone = "UIInterfaceOrientationPortrait UIInterfaceOrientationLandscapeLeft UIInterfaceOrientationLandscapeRight";
				LD_RUNPATH_SEARCH_PATHS = (
					"$(inherited)",
					"@executable_path/Frameworks",
				);
				MARKETING_VERSION = 1.0;
				PRODUCT_BUNDLE_IDENTIFIER = com.omak.RestCountriesApp;
				PRODUCT_NAME = "$(TARGET_NAME)";
				SWIFT_EMIT_LOC_STRINGS = YES;
				SWIFT_VERSION = 5.0;
				TARGETED_DEVICE_FAMILY = "1,2";
			};
			name = Release;
		};
/* End XCBuildConfiguration section */

/* Begin XCConfigurationList section */
		6FE0D3382B052D4000B804C9 /* Build configuration list for PBXProject "RestCountriesApp" */ = {
			isa = XCConfigurationList;
			buildConfigurations = (
				6FE0D34F2B052D4100B804C9 /* Debug */,
				6FE0D3502B052D4100B804C9 /* Release */,
			);
			defaultConfigurationIsVisible = 0;
			defaultConfigurationName = Release;
		};
		6FE0D3512B052D4100B804C9 /* Build configuration list for PBXNativeTarget "RestCountriesApp" */ = {
			isa = XCConfigurationList;
			buildConfigurations = (
				6FE0D3522B052D4100B804C9 /* Debug */,
				6FE0D3532B052D4100B804C9 /* Release */,
			);
			defaultConfigurationIsVisible = 0;
			defaultConfigurationName = Release;
		};
/* End XCConfigurationList section */

/* Begin XCRemoteSwiftPackageReference section */
		6F387DD82B0640ED00CBA6B0 /* XCRemoteSwiftPackageReference "SDWebImage" */ = {
			isa = XCRemoteSwiftPackageReference;
			repositoryURL = "https://github.com/SDWebImage/SDWebImage";
			requirement = {
				kind = upToNextMajorVersion;
				minimumVersion = 5.18.5;
			};
		};
/* End XCRemoteSwiftPackageReference section */

/* Begin XCSwiftPackageProductDependency section */
		6F387DD92B0640ED00CBA6B0 /* SDWebImage */ = {
			isa = XCSwiftPackageProductDependency;
			package = 6F387DD82B0640ED00CBA6B0 /* XCRemoteSwiftPackageReference "SDWebImage" */;
			productName = SDWebImage;
		};
		6F387DDB2B0640ED00CBA6B0 /* SDWebImageMapKit */ = {
			isa = XCSwiftPackageProductDependency;
			package = 6F387DD82B0640ED00CBA6B0 /* XCRemoteSwiftPackageReference "SDWebImage" */;
			productName = SDWebImageMapKit;
		};
/* End XCSwiftPackageProductDependency section */
	};
	rootObject = 6FE0D3352B052D4000B804C9 /* Project object */;
}
